
Microsoft Visual Studio Solution File, Format Version 11.00
# Visual Studio 2010
Project("{8BC9CEB8-8B4A-11D0-8D11-00A0C91BC942}") = "StreamCompaction", "StreamCompaction\StreamCompaction.vcxproj", "{BDE1CCCD-C792-40EB-B80B-AA2721029CEA}"
EndProject
Global
	GlobalSection(SolutionConfigurationPlatforms) = preSolution
		Debug|Win32 = Debug|Win32
		Release|Win32 = Release|Win32
	EndGlobalSection
	GlobalSection(ProjectConfigurationPlatforms) = postSolution
		{BDE1CCCD-C792-40EB-B80B-AA2721029CEA}.Debug|Win32.ActiveCfg = Debug|Win32
		{BDE1CCCD-C792-40EB-B80B-AA2721029CEA}.Debug|Win32.Build.0 = Debug|Win32
		{BDE1CCCD-C792-40EB-B80B-AA2721029CEA}.Release|Win32.ActiveCfg = Release|Win32
		{BDE1CCCD-C792-40EB-B80B-AA2721029CEA}.Release|Win32.Build.0 = Release|Win32
	EndGlobalSection
	GlobalSection(SolutionProperties) = preSolution
		HideSolutionNode = FALSE
	EndGlobalSection
EndGlobal
